
Microsoft Visual Studio Solution File, Format Version 12.00
# Visual Studio Version 17
VisualStudioVersion = 17.8.34330.188
MinimumVisualStudioVersion = 10.0.40219.1
Project("{FAE04EC0-301F-11D3-BF4B-00C04F79EFBC}") = "EmailParserService.Business", "EmailParserService.Business\EmailParserService.Business.csproj", "{3F7C3027-8831-404C-8B38-E19782DE5CC8}"
EndProject
Project("{FAE04EC0-301F-11D3-BF4B-00C04F79EFBC}") = "EmailParserService.Common", "EmailParserService.Common\EmailParserService.Common.csproj", "{BA80405E-A1C8-485D-A98D-7CA427DCA29F}"
EndProject
Project("{2150E333-8FDC-42A3-9474-1A3956D46DE8}") = "Integrations", "Integrations", "{B8822477-9C2E-4B32-A7F6-B78265BC363A}"
EndProject
Project("{FAE04EC0-301F-11D3-BF4B-00C04F79EFBC}") = "EmailParserService.Domain", "EmailParserService.Domain\EmailParserService.Domain.csproj", "{6E70F735-016B-4AB3-9433-B7F3D60A8D89}"
EndProject
Project("{FAE04EC0-301F-11D3-BF4B-00C04F79EFBC}") = "EmailParserService.Integrations.ServiceBus", "EmailParserService.Integrations.ServiceBus\EmailParserService.Integrations.ServiceBus.csproj", "{A4D352C7-B388-4D09-BCEF-AA3A11B4FA2D}"
EndProject
Project("{FAE04EC0-301F-11D3-BF4B-00C04F79EFBC}") = "EmailParserService.WebAPI", "EmailParserService.WebAPI\EmailParserService.WebAPI.csproj", "{B43954D6-C704-4A65-A201-3CD3B3FB678E}"
EndProject
Global
	GlobalSection(SolutionConfigurationPlatforms) = preSolution
		Debug|Any CPU = Debug|Any CPU
		Release|Any CPU = Release|Any CPU
	EndGlobalSection
	GlobalSection(ProjectConfigurationPlatforms) = postSolution
		{3F7C3027-8831-404C-8B38-E19782DE5CC8}.Debug|Any CPU.ActiveCfg = Debug|Any CPU
		{3F7C3027-8831-404C-8B38-E19782DE5CC8}.Debug|Any CPU.Build.0 = Debug|Any CPU
		{3F7C3027-8831-404C-8B38-E19782DE5CC8}.Release|Any CPU.ActiveCfg = Release|Any CPU
		{3F7C3027-8831-404C-8B38-E19782DE5CC8}.Release|Any CPU.Build.0 = Release|Any CPU
		{BA80405E-A1C8-485D-A98D-7CA427DCA29F}.Debug|Any CPU.ActiveCfg = Debug|Any CPU
		{BA80405E-A1C8-485D-A98D-7CA427DCA29F}.Debug|Any CPU.Build.0 = Debug|Any CPU
		{BA80405E-A1C8-485D-A98D-7CA427DCA29F}.Release|Any CPU.ActiveCfg = Release|Any CPU
		{BA80405E-A1C8-485D-A98D-7CA427DCA29F}.Release|Any CPU.Build.0 = Release|Any CPU
		{6E70F735-016B-4AB3-9433-B7F3D60A8D89}.Debug|Any CPU.ActiveCfg = Debug|Any CPU
		{6E70F735-016B-4AB3-9433-B7F3D60A8D89}.Debug|Any CPU.Build.0 = Debug|Any CPU
		{6E70F735-016B-4AB3-9433-B7F3D60A8D89}.Release|Any CPU.ActiveCfg = Release|Any CPU
		{6E70F735-016B-4AB3-9433-B7F3D60A8D89}.Release|Any CPU.Build.0 = Release|Any CPU
		{A4D352C7-B388-4D09-BCEF-AA3A11B4FA2D}.Debug|Any CPU.ActiveCfg = Debug|Any CPU
		{A4D352C7-B388-4D09-BCEF-AA3A11B4FA2D}.Debug|Any CPU.Build.0 = Debug|Any CPU
		{A4D352C7-B388-4D09-BCEF-AA3A11B4FA2D}.Release|Any CPU.ActiveCfg = Release|Any CPU
		{A4D352C7-B388-4D09-BCEF-AA3A11B4FA2D}.Release|Any CPU.Build.0 = Release|Any CPU
		{B43954D6-C704-4A65-A201-3CD3B3FB678E}.Debug|Any CPU.ActiveCfg = Debug|Any CPU
		{B43954D6-C704-4A65-A201-3CD3B3FB678E}.Debug|Any CPU.Build.0 = Debug|Any CPU
		{B43954D6-C704-4A65-A201-3CD3B3FB678E}.Release|Any CPU.ActiveCfg = Release|Any CPU
		{B43954D6-C704-4A65-A201-3CD3B3FB678E}.Release|Any CPU.Build.0 = Release|Any CPU
	EndGlobalSection
	GlobalSection(SolutionProperties) = preSolution
		HideSolutionNode = FALSE
	EndGlobalSection
	GlobalSection(NestedProjects) = preSolution
		{A4D352C7-B388-4D09-BCEF-AA3A11B4FA2D} = {B8822477-9C2E-4B32-A7F6-B78265BC363A}
	EndGlobalSection
	GlobalSection(ExtensibilityGlobals) = postSolution
		SolutionGuid = {0ABE2271-9FE7-4F46-803C-FE4BCF9D75C3}
	EndGlobalSection
EndGlobal
